
Microsoft Visual Studio Solution File, Format Version 12.00
# Visual Studio Version 17
VisualStudioVersion = 17.2.32630.192
MinimumVisualStudioVersion = 10.0.40219.1
Project("{9A19103F-16F7-4668-BE54-9A1E7A4F7556}") = "R5T.R0012.Construction.Server", "R5T.R0012.Construction.Server\R5T.R0012.Construction.Server.csproj", "{357F255C-FB34-4ACB-A9A9-FABF74CF0270}"
EndProject
Project("{9A19103F-16F7-4668-BE54-9A1E7A4F7556}") = "R5T.R0012.Construction.Client", "R5T.R0012.Construction.Client\R5T.R0012.Construction.Client.csproj", "{2D15B152-F16A-412B-B495-52135EC774DA}"
EndProject
Project("{9A19103F-16F7-4668-BE54-9A1E7A4F7556}") = "R5T.R0012", "R5T.R0012\R5T.R0012.csproj", "{FB3CF1FE-EB46-4AB5-A8B5-4C6CE80DF444}"
EndProject
Project("{9A19103F-16F7-4668-BE54-9A1E7A4F7556}") = "R5T.R0012.L000", "R5T.R0012.L000\R5T.R0012.L000.csproj", "{93747E5A-63D5-43C0-A6BE-20D433456531}"
EndProject
Project("{2150E333-8FDC-42A3-9474-1A3956D46DE8}") = "_Dependencies", "_Dependencies", "{6CF058D5-1FCA-47F2-A877-241A9DCF504B}"
EndProject
Project("{9A19103F-16F7-4668-BE54-9A1E7A4F7556}") = "R5T.F0000", "..\..\R5T.F0000\source\R5T.F0000\R5T.F0000.csproj", "{82DC05EA-9111-453E-B35E-977316CA19BD}"
EndProject
Project("{9A19103F-16F7-4668-BE54-9A1E7A4F7556}") = "R5T.F0002", "..\..\R5T.F0002\source\R5T.F0002\R5T.F0002.csproj", "{F1049ACF-6555-45D8-9AD9-03517C73A2BD}"
EndProject
Project("{9A19103F-16F7-4668-BE54-9A1E7A4F7556}") = "R5T.F0059", "..\..\R5T.F0059\source\R5T.F0059\R5T.F0059.csproj", "{56881D78-97CC-41BC-99A9-532F64B49F51}"
EndProject
Project("{9A19103F-16F7-4668-BE54-9A1E7A4F7556}") = "R5T.F0120", "..\..\R5T.F0120\source\R5T.F0120\R5T.F0120.csproj", "{76FCEE62-B624-4F05-8CF7-A6882FEBC759}"
EndProject
Project("{9A19103F-16F7-4668-BE54-9A1E7A4F7556}") = "R5T.F0124", "..\..\R5T.F0124\source\R5T.F0124\R5T.F0124.csproj", "{16C70DD9-0396-4007-8C06-977609429177}"
EndProject
Project("{9A19103F-16F7-4668-BE54-9A1E7A4F7556}") = "R5T.F0125", "..\..\R5T.F0125\source\R5T.F0125\R5T.F0125.csproj", "{A6FA1827-82EF-4A20-9752-4B5761CCB308}"
EndProject
Project("{9A19103F-16F7-4668-BE54-9A1E7A4F7556}") = "R5T.L0030.T000", "..\..\R5T.L0030\source\R5T.L0030.T000\R5T.L0030.T000.csproj", "{76D766DE-812E-4343-AD89-69446EBDCF07}"
EndProject
Project("{9A19103F-16F7-4668-BE54-9A1E7A4F7556}") = "R5T.L0030", "..\..\R5T.L0030\source\R5T.L0030\R5T.L0030.csproj", "{39EDCA56-B784-49D5-AA0C-8EA3C4BA2D7B}"
EndProject
Project("{9A19103F-16F7-4668-BE54-9A1E7A4F7556}") = "R5T.L0034", "..\..\R5T.L0034\source\R5T.L0034\R5T.L0034.csproj", "{CD9F4D0A-CF3E-4544-B16D-2633D599360E}"
EndProject
Project("{9A19103F-16F7-4668-BE54-9A1E7A4F7556}") = "R5T.L0035", "..\..\R5T.L0035\source\R5T.L0035\R5T.L0035.csproj", "{C9DB76FF-E892-4773-8DE9-8D5F10D5EBF2}"
EndProject
Project("{9A19103F-16F7-4668-BE54-9A1E7A4F7556}") = "R5T.L0053", "..\..\R5T.L0053\source\R5T.L0053\R5T.L0053.csproj", "{F1B1948B-FC8A-439B-BA6E-0B02B7072AB2}"
EndProject
Project("{9A19103F-16F7-4668-BE54-9A1E7A4F7556}") = "R5T.L0056", "..\..\R5T.L0056\source\R5T.L0056\R5T.L0056.csproj", "{706EE0CF-08F3-45C2-BED4-7F0F78441AB0}"
EndProject
Project("{9A19103F-16F7-4668-BE54-9A1E7A4F7556}") = "R5T.L0066", "..\..\R5T.L0066\source\R5T.L0066\R5T.L0066.csproj", "{825A6046-81F8-41C6-9589-AB066078CF57}"
EndProject
Project("{9A19103F-16F7-4668-BE54-9A1E7A4F7556}") = "R5T.L0071", "..\..\R5T.L0071\source\R5T.L0071\R5T.L0071.csproj", "{7A8D4544-99A4-4774-826F-F99F127FDD95}"
EndProject
Project("{9A19103F-16F7-4668-BE54-9A1E7A4F7556}") = "R5T.L0074", "..\..\R5T.L0074\source\R5T.L0074\R5T.L0074.csproj", "{481ED895-7149-45C4-BA88-2A4EA0242F2E}"
EndProject
Project("{9A19103F-16F7-4668-BE54-9A1E7A4F7556}") = "R5T.L0089.F000", "..\..\R5T.L0089\source\R5T.L0089.F000\R5T.L0089.F000.csproj", "{32B0000E-3B55-459B-A81F-BD52306FD02D}"
EndProject
Project("{9A19103F-16F7-4668-BE54-9A1E7A4F7556}") = "R5T.L0089.T000", "..\..\R5T.L0089\source\R5T.L0089.T000\R5T.L0089.T000.csproj", "{4CE46028-B195-40DA-98E1-407920ED4A02}"
EndProject
Project("{9A19103F-16F7-4668-BE54-9A1E7A4F7556}") = "R5T.L0089", "..\..\R5T.L0089\source\R5T.L0089\R5T.L0089.csproj", "{45968FA4-BD19-4466-8EAD-0577BA63EE64}"
EndProject
Project("{9A19103F-16F7-4668-BE54-9A1E7A4F7556}") = "R5T.NG0006", "..\..\R5T.NG0006\source\R5T.NG0006\R5T.NG0006.csproj", "{FD40E390-2713-45E6-AA11-EB70DEED51C9}"
EndProject
Project("{9A19103F-16F7-4668-BE54-9A1E7A4F7556}") = "R5T.NG0022", "..\..\R5T.NG0022\source\R5T.NG0022\R5T.NG0022.csproj", "{682F2E3E-3D21-4D02-8453-C2FB8AE3648D}"
EndProject
Project("{9A19103F-16F7-4668-BE54-9A1E7A4F7556}") = "R5T.T0131", "..\..\R5T.T0131\source\R5T.T0131\R5T.T0131.csproj", "{A46396ED-36C5-4FDC-84E5-3BF2E7BD8AB4}"
EndProject
Project("{9A19103F-16F7-4668-BE54-9A1E7A4F7556}") = "R5T.T0132", "..\..\R5T.T0132\source\R5T.T0132\R5T.T0132.csproj", "{F4D46B11-776D-4A22-B2E9-A80ABFD5CDB4}"
EndProject
Project("{9A19103F-16F7-4668-BE54-9A1E7A4F7556}") = "R5T.T0142", "..\..\R5T.T0142\source\R5T.T0142\R5T.T0142.csproj", "{31978591-6A5E-4E14-9E24-43369107D088}"
EndProject
Project("{9A19103F-16F7-4668-BE54-9A1E7A4F7556}") = "R5T.T0143", "..\..\R5T.T0143\source\R5T.T0143\R5T.T0143.csproj", "{4C33A156-F255-4C02-8858-3A09B907EE64}"
EndProject
Project("{9A19103F-16F7-4668-BE54-9A1E7A4F7556}") = "R5T.T0150", "..\..\R5T.T0150\source\R5T.T0150\R5T.T0150.csproj", "{5B336265-7091-4332-B9CB-4BB345F6433F}"
EndProject
Project("{9A19103F-16F7-4668-BE54-9A1E7A4F7556}") = "R5T.T0151", "..\..\R5T.T0151\source\R5T.T0151\R5T.T0151.csproj", "{AE6AFD61-6CA1-4B1A-8146-C23E63062B98}"
EndProject
Project("{9A19103F-16F7-4668-BE54-9A1E7A4F7556}") = "R5T.T0156", "..\..\R5T.T0156\source\R5T.T0156\R5T.T0156.csproj", "{0D1B473C-C3B5-48A3-85E7-FC44325FF38D}"
EndProject
Project("{9A19103F-16F7-4668-BE54-9A1E7A4F7556}") = "R5T.T0158", "..\..\R5T.T0158\source\R5T.T0158\R5T.T0158.csproj", "{440EFAEC-9C8F-4AA0-A83C-6252E11FDE28}"
EndProject
Project("{9A19103F-16F7-4668-BE54-9A1E7A4F7556}") = "R5T.T0159", "..\..\R5T.T0159\source\R5T.T0159\R5T.T0159.csproj", "{38542588-5F5A-42DF-99D0-3EFA7448BB13}"
EndProject
Project("{9A19103F-16F7-4668-BE54-9A1E7A4F7556}") = "R5T.T0172", "..\..\R5T.T0172\source\R5T.T0172\R5T.T0172.csproj", "{717C02C9-3C81-4BE2-B218-52AAF21EC68A}"
EndProject
Project("{9A19103F-16F7-4668-BE54-9A1E7A4F7556}") = "R5T.T0174", "..\..\R5T.T0174\source\R5T.T0174\R5T.T0174.csproj", "{7A5F79CE-5F1A-4D33-9E6A-D96AE7464846}"
EndProject
Project("{9A19103F-16F7-4668-BE54-9A1E7A4F7556}") = "R5T.T0176", "..\..\R5T.T0176\source\R5T.T0176\R5T.T0176.csproj", "{9DFB0369-92CF-42C1-90B2-11B4D48AF8E5}"
EndProject
Project("{9A19103F-16F7-4668-BE54-9A1E7A4F7556}") = "R5T.T0177", "..\..\R5T.T0177\source\R5T.T0177\R5T.T0177.csproj", "{7FABAA0E-8A29-4B61-B5A9-CBCAF0FF62EC}"
EndProject
Project("{9A19103F-16F7-4668-BE54-9A1E7A4F7556}") = "R5T.T0178", "..\..\R5T.T0178\source\R5T.T0178\R5T.T0178.csproj", "{DEC1E30F-F1A0-4004-8F21-9953FE9CF76F}"
EndProject
Project("{9A19103F-16F7-4668-BE54-9A1E7A4F7556}") = "R5T.T0179", "..\..\R5T.T0179\source\R5T.T0179\R5T.T0179.csproj", "{227BE439-80AE-4AAF-A7BF-89B157013F79}"
EndProject
Project("{9A19103F-16F7-4668-BE54-9A1E7A4F7556}") = "R5T.T0180", "..\..\R5T.T0180\source\R5T.T0180\R5T.T0180.csproj", "{05CB721A-4002-4D5C-BE8A-1AF4B37E95FC}"
EndProject
Project("{9A19103F-16F7-4668-BE54-9A1E7A4F7556}") = "R5T.T0181", "..\..\R5T.T0181\source\R5T.T0181\R5T.T0181.csproj", "{6987DC1D-89E6-4B00-8752-C5388A3557D1}"
EndProject
Project("{9A19103F-16F7-4668-BE54-9A1E7A4F7556}") = "R5T.T0185", "..\..\R5T.T0185\source\R5T.T0185\R5T.T0185.csproj", "{CD5D9579-299B-4DDD-BFCE-C4E0F9EF5C89}"
EndProject
Project("{9A19103F-16F7-4668-BE54-9A1E7A4F7556}") = "R5T.T0199.T000", "..\..\R5T.T0199\source\R5T.T0199.T000\R5T.T0199.T000.csproj", "{7B19BE0E-072B-4FA4-8477-376FDC902F42}"
EndProject
Project("{9A19103F-16F7-4668-BE54-9A1E7A4F7556}") = "R5T.T0199.T001", "..\..\R5T.T0199\source\R5T.T0199.T001\R5T.T0199.T001.csproj", "{B6BCF52A-2ABE-4C21-9B71-6B59C9A75EB3}"
EndProject
Project("{9A19103F-16F7-4668-BE54-9A1E7A4F7556}") = "R5T.T0199", "..\..\R5T.T0199\source\R5T.T0199\R5T.T0199.csproj", "{EF9B97DD-64A6-4507-8C00-B456760D4F92}"
EndProject
Project("{9A19103F-16F7-4668-BE54-9A1E7A4F7556}") = "R5T.T0203", "..\..\R5T.T0203\source\R5T.T0203\R5T.T0203.csproj", "{9DD2925B-1F14-4BAA-988D-E0D22DB98CCB}"
EndProject
Project("{9A19103F-16F7-4668-BE54-9A1E7A4F7556}") = "R5T.T0213", "..\..\R5T.T0213\source\R5T.T0213\R5T.T0213.csproj", "{24723600-139D-4254-8CFE-B6708C2E343E}"
EndProject
Project("{9A19103F-16F7-4668-BE54-9A1E7A4F7556}") = "R5T.T0218", "..\..\R5T.T0218\source\R5T.T0218\R5T.T0218.csproj", "{07C84C53-285E-4CEE-A181-4857F1943015}"
EndProject
Project("{9A19103F-16F7-4668-BE54-9A1E7A4F7556}") = "R5T.T0219", "..\..\R5T.T0219\source\R5T.T0219\R5T.T0219.csproj", "{D38511BF-7F55-4D53-AE5E-12852219E8E8}"
EndProject
Project("{9A19103F-16F7-4668-BE54-9A1E7A4F7556}") = "R5T.T0220", "..\..\R5T.T0220\source\R5T.T0220\R5T.T0220.csproj", "{E56ED73C-4F72-4647-8EF8-43BAC7DE6E12}"
EndProject
Project("{9A19103F-16F7-4668-BE54-9A1E7A4F7556}") = "R5T.T0221", "..\..\R5T.T0221\source\R5T.T0221\R5T.T0221.csproj", "{8178D26D-9356-4449-8A56-EB457B86051C}"
EndProject
Project("{9A19103F-16F7-4668-BE54-9A1E7A4F7556}") = "R5T.T0227", "..\..\R5T.T0227\source\R5T.T0227\R5T.T0227.csproj", "{FB4E8981-837F-4C34-A604-0C05B34A921D}"
EndProject
Project("{9A19103F-16F7-4668-BE54-9A1E7A4F7556}") = "R5T.T0241", "..\..\R5T.T0241\source\R5T.T0241\R5T.T0241.csproj", "{B5C1EC8E-A5EA-4797-A9CE-EA518A5BAA23}"
EndProject
Project("{9A19103F-16F7-4668-BE54-9A1E7A4F7556}") = "R5T.Y0000", "..\..\R5T.Y0000\source\R5T.Y0000\R5T.Y0000.csproj", "{FFDB0479-EDD3-4360-AE7A-DA90CF1474BD}"
EndProject
Project("{9A19103F-16F7-4668-BE54-9A1E7A4F7556}") = "R5T.Y0006", "..\..\R5T.Y0006\source\R5T.Y0006\R5T.Y0006.csproj", "{7784119D-0BEF-4AFD-A288-A81C2B8CC22C}"
EndProject
Project("{9A19103F-16F7-4668-BE54-9A1E7A4F7556}") = "R5T.Z0000", "..\..\R5T.Z0000\source\R5T.Z0000\R5T.Z0000.csproj", "{292DCB31-64B2-42C7-832B-CB170F318683}"
EndProject
Project("{9A19103F-16F7-4668-BE54-9A1E7A4F7556}") = "R5T.Z0010.Platform", "..\..\R5T.Z0010\source\R5T.Z0010.Platform\R5T.Z0010.Platform.csproj", "{0B95E340-CB65-4AE9-BA54-9B7CD36F710B}"
EndProject
Project("{9A19103F-16F7-4668-BE54-9A1E7A4F7556}") = "R5T.Z0010", "..\..\R5T.Z0010\source\R5T.Z0010\R5T.Z0010.csproj", "{8239487F-A9CD-4A31-BD2A-7A94ACD99703}"
EndProject
Project("{9A19103F-16F7-4668-BE54-9A1E7A4F7556}") = "R5T.Z0057.Platform", "..\..\R5T.Z0057\source\R5T.Z0057.Platform\R5T.Z0057.Platform.csproj", "{AA010640-F9A2-4E02-916E-79F6C93A4834}"
EndProject
Project("{9A19103F-16F7-4668-BE54-9A1E7A4F7556}") = "R5T.Z0057", "..\..\R5T.Z0057\source\R5T.Z0057\R5T.Z0057.csproj", "{82F5898D-3E86-41AC-BA20-1894A4FADF52}"
EndProject
Project("{9A19103F-16F7-4668-BE54-9A1E7A4F7556}") = "R5T.Z0058", "..\..\R5T.Z0058\source\R5T.Z0058\R5T.Z0058.csproj", "{7474BA49-CAC0-4EB7-8714-9F2B512B5350}"
EndProject
Global
	GlobalSection(NestedProjects) = preSolution
		{82DC05EA-9111-453E-B35E-977316CA19BD} = {6CF058D5-1FCA-47F2-A877-241A9DCF504B}
		{F1049ACF-6555-45D8-9AD9-03517C73A2BD} = {6CF058D5-1FCA-47F2-A877-241A9DCF504B}
		{56881D78-97CC-41BC-99A9-532F64B49F51} = {6CF058D5-1FCA-47F2-A877-241A9DCF504B}
		{76FCEE62-B624-4F05-8CF7-A6882FEBC759} = {6CF058D5-1FCA-47F2-A877-241A9DCF504B}
		{16C70DD9-0396-4007-8C06-977609429177} = {6CF058D5-1FCA-47F2-A877-241A9DCF504B}
		{A6FA1827-82EF-4A20-9752-4B5761CCB308} = {6CF058D5-1FCA-47F2-A877-241A9DCF504B}
		{76D766DE-812E-4343-AD89-69446EBDCF07} = {6CF058D5-1FCA-47F2-A877-241A9DCF504B}
		{39EDCA56-B784-49D5-AA0C-8EA3C4BA2D7B} = {6CF058D5-1FCA-47F2-A877-241A9DCF504B}
		{CD9F4D0A-CF3E-4544-B16D-2633D599360E} = {6CF058D5-1FCA-47F2-A877-241A9DCF504B}
		{C9DB76FF-E892-4773-8DE9-8D5F10D5EBF2} = {6CF058D5-1FCA-47F2-A877-241A9DCF504B}
		{F1B1948B-FC8A-439B-BA6E-0B02B7072AB2} = {6CF058D5-1FCA-47F2-A877-241A9DCF504B}
		{706EE0CF-08F3-45C2-BED4-7F0F78441AB0} = {6CF058D5-1FCA-47F2-A877-241A9DCF504B}
		{825A6046-81F8-41C6-9589-AB066078CF57} = {6CF058D5-1FCA-47F2-A877-241A9DCF504B}
		{7A8D4544-99A4-4774-826F-F99F127FDD95} = {6CF058D5-1FCA-47F2-A877-241A9DCF504B}
		{481ED895-7149-45C4-BA88-2A4EA0242F2E} = {6CF058D5-1FCA-47F2-A877-241A9DCF504B}
		{32B0000E-3B55-459B-A81F-BD52306FD02D} = {6CF058D5-1FCA-47F2-A877-241A9DCF504B}
		{4CE46028-B195-40DA-98E1-407920ED4A02} = {6CF058D5-1FCA-47F2-A877-241A9DCF504B}
		{45968FA4-BD19-4466-8EAD-0577BA63EE64} = {6CF058D5-1FCA-47F2-A877-241A9DCF504B}
		{FD40E390-2713-45E6-AA11-EB70DEED51C9} = {6CF058D5-1FCA-47F2-A877-241A9DCF504B}
		{682F2E3E-3D21-4D02-8453-C2FB8AE3648D} = {6CF058D5-1FCA-47F2-A877-241A9DCF504B}
		{A46396ED-36C5-4FDC-84E5-3BF2E7BD8AB4} = {6CF058D5-1FCA-47F2-A877-241A9DCF504B}
		{F4D46B11-776D-4A22-B2E9-A80ABFD5CDB4} = {6CF058D5-1FCA-47F2-A877-241A9DCF504B}
		{31978591-6A5E-4E14-9E24-43369107D088} = {6CF058D5-1FCA-47F2-A877-241A9DCF504B}
		{4C33A156-F255-4C02-8858-3A09B907EE64} = {6CF058D5-1FCA-47F2-A877-241A9DCF504B}
		{5B336265-7091-4332-B9CB-4BB345F6433F} = {6CF058D5-1FCA-47F2-A877-241A9DCF504B}
		{AE6AFD61-6CA1-4B1A-8146-C23E63062B98} = {6CF058D5-1FCA-47F2-A877-241A9DCF504B}
		{0D1B473C-C3B5-48A3-85E7-FC44325FF38D} = {6CF058D5-1FCA-47F2-A877-241A9DCF504B}
		{440EFAEC-9C8F-4AA0-A83C-6252E11FDE28} = {6CF058D5-1FCA-47F2-A877-241A9DCF504B}
		{38542588-5F5A-42DF-99D0-3EFA7448BB13} = {6CF058D5-1FCA-47F2-A877-241A9DCF504B}
		{717C02C9-3C81-4BE2-B218-52AAF21EC68A} = {6CF058D5-1FCA-47F2-A877-241A9DCF504B}
		{7A5F79CE-5F1A-4D33-9E6A-D96AE7464846} = {6CF058D5-1FCA-47F2-A877-241A9DCF504B}
		{9DFB0369-92CF-42C1-90B2-11B4D48AF8E5} = {6CF058D5-1FCA-47F2-A877-241A9DCF504B}
		{7FABAA0E-8A29-4B61-B5A9-CBCAF0FF62EC} = {6CF058D5-1FCA-47F2-A877-241A9DCF504B}
		{DEC1E30F-F1A0-4004-8F21-9953FE9CF76F} = {6CF058D5-1FCA-47F2-A877-241A9DCF504B}
		{227BE439-80AE-4AAF-A7BF-89B157013F79} = {6CF058D5-1FCA-47F2-A877-241A9DCF504B}
		{05CB721A-4002-4D5C-BE8A-1AF4B37E95FC} = {6CF058D5-1FCA-47F2-A877-241A9DCF504B}
		{6987DC1D-89E6-4B00-8752-C5388A3557D1} = {6CF058D5-1FCA-47F2-A877-241A9DCF504B}
		{CD5D9579-299B-4DDD-BFCE-C4E0F9EF5C89} = {6CF058D5-1FCA-47F2-A877-241A9DCF504B}
		{7B19BE0E-072B-4FA4-8477-376FDC902F42} = {6CF058D5-1FCA-47F2-A877-241A9DCF504B}
		{B6BCF52A-2ABE-4C21-9B71-6B59C9A75EB3} = {6CF058D5-1FCA-47F2-A877-241A9DCF504B}
		{EF9B97DD-64A6-4507-8C00-B456760D4F92} = {6CF058D5-1FCA-47F2-A877-241A9DCF504B}
		{9DD2925B-1F14-4BAA-988D-E0D22DB98CCB} = {6CF058D5-1FCA-47F2-A877-241A9DCF504B}
		{24723600-139D-4254-8CFE-B6708C2E343E} = {6CF058D5-1FCA-47F2-A877-241A9DCF504B}
		{07C84C53-285E-4CEE-A181-4857F1943015} = {6CF058D5-1FCA-47F2-A877-241A9DCF504B}
		{D38511BF-7F55-4D53-AE5E-12852219E8E8} = {6CF058D5-1FCA-47F2-A877-241A9DCF504B}
		{E56ED73C-4F72-4647-8EF8-43BAC7DE6E12} = {6CF058D5-1FCA-47F2-A877-241A9DCF504B}
		{8178D26D-9356-4449-8A56-EB457B86051C} = {6CF058D5-1FCA-47F2-A877-241A9DCF504B}
		{FB4E8981-837F-4C34-A604-0C05B34A921D} = {6CF058D5-1FCA-47F2-A877-241A9DCF504B}
		{B5C1EC8E-A5EA-4797-A9CE-EA518A5BAA23} = {6CF058D5-1FCA-47F2-A877-241A9DCF504B}
		{FFDB0479-EDD3-4360-AE7A-DA90CF1474BD} = {6CF058D5-1FCA-47F2-A877-241A9DCF504B}
		{7784119D-0BEF-4AFD-A288-A81C2B8CC22C} = {6CF058D5-1FCA-47F2-A877-241A9DCF504B}
		{292DCB31-64B2-42C7-832B-CB170F318683} = {6CF058D5-1FCA-47F2-A877-241A9DCF504B}
		{0B95E340-CB65-4AE9-BA54-9B7CD36F710B} = {6CF058D5-1FCA-47F2-A877-241A9DCF504B}
		{8239487F-A9CD-4A31-BD2A-7A94ACD99703} = {6CF058D5-1FCA-47F2-A877-241A9DCF504B}
		{AA010640-F9A2-4E02-916E-79F6C93A4834} = {6CF058D5-1FCA-47F2-A877-241A9DCF504B}
		{82F5898D-3E86-41AC-BA20-1894A4FADF52} = {6CF058D5-1FCA-47F2-A877-241A9DCF504B}
		{7474BA49-CAC0-4EB7-8714-9F2B512B5350} = {6CF058D5-1FCA-47F2-A877-241A9DCF504B}
	EndGlobalSection
	GlobalSection(SolutionConfigurationPlatforms) = preSolution
		Debug|Any CPU = Debug|Any CPU
		Release|Any CPU = Release|Any CPU
	EndGlobalSection
	GlobalSection(ProjectConfigurationPlatforms) = postSolution
		{357F255C-FB34-4ACB-A9A9-FABF74CF0270}.Debug|Any CPU.ActiveCfg = Debug|Any CPU
		{357F255C-FB34-4ACB-A9A9-FABF74CF0270}.Debug|Any CPU.Build.0 = Debug|Any CPU
		{357F255C-FB34-4ACB-A9A9-FABF74CF0270}.Release|Any CPU.ActiveCfg = Release|Any CPU
		{357F255C-FB34-4ACB-A9A9-FABF74CF0270}.Release|Any CPU.Build.0 = Release|Any CPU
		{2D15B152-F16A-412B-B495-52135EC774DA}.Debug|Any CPU.ActiveCfg = Debug|Any CPU
		{2D15B152-F16A-412B-B495-52135EC774DA}.Debug|Any CPU.Build.0 = Debug|Any CPU
		{2D15B152-F16A-412B-B495-52135EC774DA}.Release|Any CPU.ActiveCfg = Release|Any CPU
		{2D15B152-F16A-412B-B495-52135EC774DA}.Release|Any CPU.Build.0 = Release|Any CPU
		{FB3CF1FE-EB46-4AB5-A8B5-4C6CE80DF444}.Debug|Any CPU.ActiveCfg = Debug|Any CPU
		{FB3CF1FE-EB46-4AB5-A8B5-4C6CE80DF444}.Debug|Any CPU.Build.0 = Debug|Any CPU
		{FB3CF1FE-EB46-4AB5-A8B5-4C6CE80DF444}.Release|Any CPU.ActiveCfg = Release|Any CPU
		{FB3CF1FE-EB46-4AB5-A8B5-4C6CE80DF444}.Release|Any CPU.Build.0 = Release|Any CPU
		{93747E5A-63D5-43C0-A6BE-20D433456531}.Debug|Any CPU.ActiveCfg = Debug|Any CPU
		{93747E5A-63D5-43C0-A6BE-20D433456531}.Debug|Any CPU.Build.0 = Debug|Any CPU
		{93747E5A-63D5-43C0-A6BE-20D433456531}.Release|Any CPU.ActiveCfg = Release|Any CPU
		{93747E5A-63D5-43C0-A6BE-20D433456531}.Release|Any CPU.Build.0 = Release|Any CPU
		{82DC05EA-9111-453E-B35E-977316CA19BD}.Debug|Any CPU.ActiveCfg = Debug|Any CPU
		{82DC05EA-9111-453E-B35E-977316CA19BD}.Debug|Any CPU.Build.0 = Debug|Any CPU
		{82DC05EA-9111-453E-B35E-977316CA19BD}.Release|Any CPU.ActiveCfg = Release|Any CPU
		{82DC05EA-9111-453E-B35E-977316CA19BD}.Release|Any CPU.Build.0 = Release|Any CPU
		{F1049ACF-6555-45D8-9AD9-03517C73A2BD}.Debug|Any CPU.ActiveCfg = Debug|Any CPU
		{F1049ACF-6555-45D8-9AD9-03517C73A2BD}.Debug|Any CPU.Build.0 = Debug|Any CPU
		{F1049ACF-6555-45D8-9AD9-03517C73A2BD}.Release|Any CPU.ActiveCfg = Release|Any CPU
		{F1049ACF-6555-45D8-9AD9-03517C73A2BD}.Release|Any CPU.Build.0 = Release|Any CPU
		{56881D78-97CC-41BC-99A9-532F64B49F51}.Debug|Any CPU.ActiveCfg = Debug|Any CPU
		{56881D78-97CC-41BC-99A9-532F64B49F51}.Debug|Any CPU.Build.0 = Debug|Any CPU
		{56881D78-97CC-41BC-99A9-532F64B49F51}.Release|Any CPU.ActiveCfg = Release|Any CPU
		{56881D78-97CC-41BC-99A9-532F64B49F51}.Release|Any CPU.Build.0 = Release|Any CPU
		{76FCEE62-B624-4F05-8CF7-A6882FEBC759}.Debug|Any CPU.ActiveCfg = Debug|Any CPU
		{76FCEE62-B624-4F05-8CF7-A6882FEBC759}.Debug|Any CPU.Build.0 = Debug|Any CPU
		{76FCEE62-B624-4F05-8CF7-A6882FEBC759}.Release|Any CPU.ActiveCfg = Release|Any CPU
		{76FCEE62-B624-4F05-8CF7-A6882FEBC759}.Release|Any CPU.Build.0 = Release|Any CPU
		{16C70DD9-0396-4007-8C06-977609429177}.Debug|Any CPU.ActiveCfg = Debug|Any CPU
		{16C70DD9-0396-4007-8C06-977609429177}.Debug|Any CPU.Build.0 = Debug|Any CPU
		{16C70DD9-0396-4007-8C06-977609429177}.Release|Any CPU.ActiveCfg = Release|Any CPU
		{16C70DD9-0396-4007-8C06-977609429177}.Release|Any CPU.Build.0 = Release|Any CPU
		{A6FA1827-82EF-4A20-9752-4B5761CCB308}.Debug|Any CPU.ActiveCfg = Debug|Any CPU
		{A6FA1827-82EF-4A20-9752-4B5761CCB308}.Debug|Any CPU.Build.0 = Debug|Any CPU
		{A6FA1827-82EF-4A20-9752-4B5761CCB308}.Release|Any CPU.ActiveCfg = Release|Any CPU
		{A6FA1827-82EF-4A20-9752-4B5761CCB308}.Release|Any CPU.Build.0 = Release|Any CPU
		{76D766DE-812E-4343-AD89-69446EBDCF07}.Debug|Any CPU.ActiveCfg = Debug|Any CPU
		{76D766DE-812E-4343-AD89-69446EBDCF07}.Debug|Any CPU.Build.0 = Debug|Any CPU
		{76D766DE-812E-4343-AD89-69446EBDCF07}.Release|Any CPU.ActiveCfg = Release|Any CPU
		{76D766DE-812E-4343-AD89-69446EBDCF07}.Release|Any CPU.Build.0 = Release|Any CPU
		{39EDCA56-B784-49D5-AA0C-8EA3C4BA2D7B}.Debug|Any CPU.ActiveCfg = Debug|Any CPU
		{39EDCA56-B784-49D5-AA0C-8EA3C4BA2D7B}.Debug|Any CPU.Build.0 = Debug|Any CPU
		{39EDCA56-B784-49D5-AA0C-8EA3C4BA2D7B}.Release|Any CPU.ActiveCfg = Release|Any CPU
		{39EDCA56-B784-49D5-AA0C-8EA3C4BA2D7B}.Release|Any CPU.Build.0 = Release|Any CPU
		{CD9F4D0A-CF3E-4544-B16D-2633D599360E}.Debug|Any CPU.ActiveCfg = Debug|Any CPU
		{CD9F4D0A-CF3E-4544-B16D-2633D599360E}.Debug|Any CPU.Build.0 = Debug|Any CPU
		{CD9F4D0A-CF3E-4544-B16D-2633D599360E}.Release|Any CPU.ActiveCfg = Release|Any CPU
		{CD9F4D0A-CF3E-4544-B16D-2633D599360E}.Release|Any CPU.Build.0 = Release|Any CPU
		{C9DB76FF-E892-4773-8DE9-8D5F10D5EBF2}.Debug|Any CPU.ActiveCfg = Debug|Any CPU
		{C9DB76FF-E892-4773-8DE9-8D5F10D5EBF2}.Debug|Any CPU.Build.0 = Debug|Any CPU
		{C9DB76FF-E892-4773-8DE9-8D5F10D5EBF2}.Release|Any CPU.ActiveCfg = Release|Any CPU
		{C9DB76FF-E892-4773-8DE9-8D5F10D5EBF2}.Release|Any CPU.Build.0 = Release|Any CPU
		{F1B1948B-FC8A-439B-BA6E-0B02B7072AB2}.Debug|Any CPU.ActiveCfg = Debug|Any CPU
		{F1B1948B-FC8A-439B-BA6E-0B02B7072AB2}.Debug|Any CPU.Build.0 = Debug|Any CPU
		{F1B1948B-FC8A-439B-BA6E-0B02B7072AB2}.Release|Any CPU.ActiveCfg = Release|Any CPU
		{F1B1948B-FC8A-439B-BA6E-0B02B7072AB2}.Release|Any CPU.Build.0 = Release|Any CPU
		{706EE0CF-08F3-45C2-BED4-7F0F78441AB0}.Debug|Any CPU.ActiveCfg = Debug|Any CPU
		{706EE0CF-08F3-45C2-BED4-7F0F78441AB0}.Debug|Any CPU.Build.0 = Debug|Any CPU
		{706EE0CF-08F3-45C2-BED4-7F0F78441AB0}.Release|Any CPU.ActiveCfg = Release|Any CPU
		{706EE0CF-08F3-45C2-BED4-7F0F78441AB0}.Release|Any CPU.Build.0 = Release|Any CPU
		{825A6046-81F8-41C6-9589-AB066078CF57}.Debug|Any CPU.ActiveCfg = Debug|Any CPU
		{825A6046-81F8-41C6-9589-AB066078CF57}.Debug|Any CPU.Build.0 = Debug|Any CPU
		{825A6046-81F8-41C6-9589-AB066078CF57}.Release|Any CPU.ActiveCfg = Release|Any CPU
		{825A6046-81F8-41C6-9589-AB066078CF57}.Release|Any CPU.Build.0 = Release|Any CPU
		{7A8D4544-99A4-4774-826F-F99F127FDD95}.Debug|Any CPU.ActiveCfg = Debug|Any CPU
		{7A8D4544-99A4-4774-826F-F99F127FDD95}.Debug|Any CPU.Build.0 = Debug|Any CPU
		{7A8D4544-99A4-4774-826F-F99F127FDD95}.Release|Any CPU.ActiveCfg = Release|Any CPU
		{7A8D4544-99A4-4774-826F-F99F127FDD95}.Release|Any CPU.Build.0 = Release|Any CPU
		{481ED895-7149-45C4-BA88-2A4EA0242F2E}.Debug|Any CPU.ActiveCfg = Debug|Any CPU
		{481ED895-7149-45C4-BA88-2A4EA0242F2E}.Debug|Any CPU.Build.0 = Debug|Any CPU
		{481ED895-7149-45C4-BA88-2A4EA0242F2E}.Release|Any CPU.ActiveCfg = Release|Any CPU
		{481ED895-7149-45C4-BA88-2A4EA0242F2E}.Release|Any CPU.Build.0 = Release|Any CPU
		{32B0000E-3B55-459B-A81F-BD52306FD02D}.Debug|Any CPU.ActiveCfg = Debug|Any CPU
		{32B0000E-3B55-459B-A81F-BD52306FD02D}.Debug|Any CPU.Build.0 = Debug|Any CPU
		{32B0000E-3B55-459B-A81F-BD52306FD02D}.Release|Any CPU.ActiveCfg = Release|Any CPU
		{32B0000E-3B55-459B-A81F-BD52306FD02D}.Release|Any CPU.Build.0 = Release|Any CPU
		{4CE46028-B195-40DA-98E1-407920ED4A02}.Debug|Any CPU.ActiveCfg = Debug|Any CPU
		{4CE46028-B195-40DA-98E1-407920ED4A02}.Debug|Any CPU.Build.0 = Debug|Any CPU
		{4CE46028-B195-40DA-98E1-407920ED4A02}.Release|Any CPU.ActiveCfg = Release|Any CPU
		{4CE46028-B195-40DA-98E1-407920ED4A02}.Release|Any CPU.Build.0 = Release|Any CPU
		{45968FA4-BD19-4466-8EAD-0577BA63EE64}.Debug|Any CPU.ActiveCfg = Debug|Any CPU
		{45968FA4-BD19-4466-8EAD-0577BA63EE64}.Debug|Any CPU.Build.0 = Debug|Any CPU
		{45968FA4-BD19-4466-8EAD-0577BA63EE64}.Release|Any CPU.ActiveCfg = Release|Any CPU
		{45968FA4-BD19-4466-8EAD-0577BA63EE64}.Release|Any CPU.Build.0 = Release|Any CPU
		{FD40E390-2713-45E6-AA11-EB70DEED51C9}.Debug|Any CPU.ActiveCfg = Debug|Any CPU
		{FD40E390-2713-45E6-AA11-EB70DEED51C9}.Debug|Any CPU.Build.0 = Debug|Any CPU
		{FD40E390-2713-45E6-AA11-EB70DEED51C9}.Release|Any CPU.ActiveCfg = Release|Any CPU
		{FD40E390-2713-45E6-AA11-EB70DEED51C9}.Release|Any CPU.Build.0 = Release|Any CPU
		{682F2E3E-3D21-4D02-8453-C2FB8AE3648D}.Debug|Any CPU.ActiveCfg = Debug|Any CPU
		{682F2E3E-3D21-4D02-8453-C2FB8AE3648D}.Debug|Any CPU.Build.0 = Debug|Any CPU
		{682F2E3E-3D21-4D02-8453-C2FB8AE3648D}.Release|Any CPU.ActiveCfg = Release|Any CPU
		{682F2E3E-3D21-4D02-8453-C2FB8AE3648D}.Release|Any CPU.Build.0 = Release|Any CPU
		{A46396ED-36C5-4FDC-84E5-3BF2E7BD8AB4}.Debug|Any CPU.ActiveCfg = Debug|Any CPU
		{A46396ED-36C5-4FDC-84E5-3BF2E7BD8AB4}.Debug|Any CPU.Build.0 = Debug|Any CPU
		{A46396ED-36C5-4FDC-84E5-3BF2E7BD8AB4}.Release|Any CPU.ActiveCfg = Release|Any CPU
		{A46396ED-36C5-4FDC-84E5-3BF2E7BD8AB4}.Release|Any CPU.Build.0 = Release|Any CPU
		{F4D46B11-776D-4A22-B2E9-A80ABFD5CDB4}.Debug|Any CPU.ActiveCfg = Debug|Any CPU
		{F4D46B11-776D-4A22-B2E9-A80ABFD5CDB4}.Debug|Any CPU.Build.0 = Debug|Any CPU
		{F4D46B11-776D-4A22-B2E9-A80ABFD5CDB4}.Release|Any CPU.ActiveCfg = Release|Any CPU
		{F4D46B11-776D-4A22-B2E9-A80ABFD5CDB4}.Release|Any CPU.Build.0 = Release|Any CPU
		{31978591-6A5E-4E14-9E24-43369107D088}.Debug|Any CPU.ActiveCfg = Debug|Any CPU
		{31978591-6A5E-4E14-9E24-43369107D088}.Debug|Any CPU.Build.0 = Debug|Any CPU
		{31978591-6A5E-4E14-9E24-43369107D088}.Release|Any CPU.ActiveCfg = Release|Any CPU
		{31978591-6A5E-4E14-9E24-43369107D088}.Release|Any CPU.Build.0 = Release|Any CPU
		{4C33A156-F255-4C02-8858-3A09B907EE64}.Debug|Any CPU.ActiveCfg = Debug|Any CPU
		{4C33A156-F255-4C02-8858-3A09B907EE64}.Debug|Any CPU.Build.0 = Debug|Any CPU
		{4C33A156-F255-4C02-8858-3A09B907EE64}.Release|Any CPU.ActiveCfg = Release|Any CPU
		{4C33A156-F255-4C02-8858-3A09B907EE64}.Release|Any CPU.Build.0 = Release|Any CPU
		{5B336265-7091-4332-B9CB-4BB345F6433F}.Debug|Any CPU.ActiveCfg = Debug|Any CPU
		{5B336265-7091-4332-B9CB-4BB345F6433F}.Debug|Any CPU.Build.0 = Debug|Any CPU
		{5B336265-7091-4332-B9CB-4BB345F6433F}.Release|Any CPU.ActiveCfg = Release|Any CPU
		{5B336265-7091-4332-B9CB-4BB345F6433F}.Release|Any CPU.Build.0 = Release|Any CPU
		{AE6AFD61-6CA1-4B1A-8146-C23E63062B98}.Debug|Any CPU.ActiveCfg = Debug|Any CPU
		{AE6AFD61-6CA1-4B1A-8146-C23E63062B98}.Debug|Any CPU.Build.0 = Debug|Any CPU
		{AE6AFD61-6CA1-4B1A-8146-C23E63062B98}.Release|Any CPU.ActiveCfg = Release|Any CPU
		{AE6AFD61-6CA1-4B1A-8146-C23E63062B98}.Release|Any CPU.Build.0 = Release|Any CPU
		{0D1B473C-C3B5-48A3-85E7-FC44325FF38D}.Debug|Any CPU.ActiveCfg = Debug|Any CPU
		{0D1B473C-C3B5-48A3-85E7-FC44325FF38D}.Debug|Any CPU.Build.0 = Debug|Any CPU
		{0D1B473C-C3B5-48A3-85E7-FC44325FF38D}.Release|Any CPU.ActiveCfg = Release|Any CPU
		{0D1B473C-C3B5-48A3-85E7-FC44325FF38D}.Release|Any CPU.Build.0 = Release|Any CPU
		{440EFAEC-9C8F-4AA0-A83C-6252E11FDE28}.Debug|Any CPU.ActiveCfg = Debug|Any CPU
		{440EFAEC-9C8F-4AA0-A83C-6252E11FDE28}.Debug|Any CPU.Build.0 = Debug|Any CPU
		{440EFAEC-9C8F-4AA0-A83C-6252E11FDE28}.Release|Any CPU.ActiveCfg = Release|Any CPU
		{440EFAEC-9C8F-4AA0-A83C-6252E11FDE28}.Release|Any CPU.Build.0 = Release|Any CPU
		{38542588-5F5A-42DF-99D0-3EFA7448BB13}.Debug|Any CPU.ActiveCfg = Debug|Any CPU
		{38542588-5F5A-42DF-99D0-3EFA7448BB13}.Debug|Any CPU.Build.0 = Debug|Any CPU
		{38542588-5F5A-42DF-99D0-3EFA7448BB13}.Release|Any CPU.ActiveCfg = Release|Any CPU
		{38542588-5F5A-42DF-99D0-3EFA7448BB13}.Release|Any CPU.Build.0 = Release|Any CPU
		{717C02C9-3C81-4BE2-B218-52AAF21EC68A}.Debug|Any CPU.ActiveCfg = Debug|Any CPU
		{717C02C9-3C81-4BE2-B218-52AAF21EC68A}.Debug|Any CPU.Build.0 = Debug|Any CPU
		{717C02C9-3C81-4BE2-B218-52AAF21EC68A}.Release|Any CPU.ActiveCfg = Release|Any CPU
		{717C02C9-3C81-4BE2-B218-52AAF21EC68A}.Release|Any CPU.Build.0 = Release|Any CPU
		{7A5F79CE-5F1A-4D33-9E6A-D96AE7464846}.Debug|Any CPU.ActiveCfg = Debug|Any CPU
		{7A5F79CE-5F1A-4D33-9E6A-D96AE7464846}.Debug|Any CPU.Build.0 = Debug|Any CPU
		{7A5F79CE-5F1A-4D33-9E6A-D96AE7464846}.Release|Any CPU.ActiveCfg = Release|Any CPU
		{7A5F79CE-5F1A-4D33-9E6A-D96AE7464846}.Release|Any CPU.Build.0 = Release|Any CPU
		{9DFB0369-92CF-42C1-90B2-11B4D48AF8E5}.Debug|Any CPU.ActiveCfg = Debug|Any CPU
		{9DFB0369-92CF-42C1-90B2-11B4D48AF8E5}.Debug|Any CPU.Build.0 = Debug|Any CPU
		{9DFB0369-92CF-42C1-90B2-11B4D48AF8E5}.Release|Any CPU.ActiveCfg = Release|Any CPU
		{9DFB0369-92CF-42C1-90B2-11B4D48AF8E5}.Release|Any CPU.Build.0 = Release|Any CPU
		{7FABAA0E-8A29-4B61-B5A9-CBCAF0FF62EC}.Debug|Any CPU.ActiveCfg = Debug|Any CPU
		{7FABAA0E-8A29-4B61-B5A9-CBCAF0FF62EC}.Debug|Any CPU.Build.0 = Debug|Any CPU
		{7FABAA0E-8A29-4B61-B5A9-CBCAF0FF62EC}.Release|Any CPU.ActiveCfg = Release|Any CPU
		{7FABAA0E-8A29-4B61-B5A9-CBCAF0FF62EC}.Release|Any CPU.Build.0 = Release|Any CPU
		{DEC1E30F-F1A0-4004-8F21-9953FE9CF76F}.Debug|Any CPU.ActiveCfg = Debug|Any CPU
		{DEC1E30F-F1A0-4004-8F21-9953FE9CF76F}.Debug|Any CPU.Build.0 = Debug|Any CPU
		{DEC1E30F-F1A0-4004-8F21-9953FE9CF76F}.Release|Any CPU.ActiveCfg = Release|Any CPU
		{DEC1E30F-F1A0-4004-8F21-9953FE9CF76F}.Release|Any CPU.Build.0 = Release|Any CPU
		{227BE439-80AE-4AAF-A7BF-89B157013F79}.Debug|Any CPU.ActiveCfg = Debug|Any CPU
		{227BE439-80AE-4AAF-A7BF-89B157013F79}.Debug|Any CPU.Build.0 = Debug|Any CPU
		{227BE439-80AE-4AAF-A7BF-89B157013F79}.Release|Any CPU.ActiveCfg = Release|Any CPU
		{227BE439-80AE-4AAF-A7BF-89B157013F79}.Release|Any CPU.Build.0 = Release|Any CPU
		{05CB721A-4002-4D5C-BE8A-1AF4B37E95FC}.Debug|Any CPU.ActiveCfg = Debug|Any CPU
		{05CB721A-4002-4D5C-BE8A-1AF4B37E95FC}.Debug|Any CPU.Build.0 = Debug|Any CPU
		{05CB721A-4002-4D5C-BE8A-1AF4B37E95FC}.Release|Any CPU.ActiveCfg = Release|Any CPU
		{05CB721A-4002-4D5C-BE8A-1AF4B37E95FC}.Release|Any CPU.Build.0 = Release|Any CPU
		{6987DC1D-89E6-4B00-8752-C5388A3557D1}.Debug|Any CPU.ActiveCfg = Debug|Any CPU
		{6987DC1D-89E6-4B00-8752-C5388A3557D1}.Debug|Any CPU.Build.0 = Debug|Any CPU
		{6987DC1D-89E6-4B00-8752-C5388A3557D1}.Release|Any CPU.ActiveCfg = Release|Any CPU
		{6987DC1D-89E6-4B00-8752-C5388A3557D1}.Release|Any CPU.Build.0 = Release|Any CPU
		{CD5D9579-299B-4DDD-BFCE-C4E0F9EF5C89}.Debug|Any CPU.ActiveCfg = Debug|Any CPU
		{CD5D9579-299B-4DDD-BFCE-C4E0F9EF5C89}.Debug|Any CPU.Build.0 = Debug|Any CPU
		{CD5D9579-299B-4DDD-BFCE-C4E0F9EF5C89}.Release|Any CPU.ActiveCfg = Release|Any CPU
		{CD5D9579-299B-4DDD-BFCE-C4E0F9EF5C89}.Release|Any CPU.Build.0 = Release|Any CPU
		{7B19BE0E-072B-4FA4-8477-376FDC902F42}.Debug|Any CPU.ActiveCfg = Debug|Any CPU
		{7B19BE0E-072B-4FA4-8477-376FDC902F42}.Debug|Any CPU.Build.0 = Debug|Any CPU
		{7B19BE0E-072B-4FA4-8477-376FDC902F42}.Release|Any CPU.ActiveCfg = Release|Any CPU
		{7B19BE0E-072B-4FA4-8477-376FDC902F42}.Release|Any CPU.Build.0 = Release|Any CPU
		{B6BCF52A-2ABE-4C21-9B71-6B59C9A75EB3}.Debug|Any CPU.ActiveCfg = Debug|Any CPU
		{B6BCF52A-2ABE-4C21-9B71-6B59C9A75EB3}.Debug|Any CPU.Build.0 = Debug|Any CPU
		{B6BCF52A-2ABE-4C21-9B71-6B59C9A75EB3}.Release|Any CPU.ActiveCfg = Release|Any CPU
		{B6BCF52A-2ABE-4C21-9B71-6B59C9A75EB3}.Release|Any CPU.Build.0 = Release|Any CPU
		{EF9B97DD-64A6-4507-8C00-B456760D4F92}.Debug|Any CPU.ActiveCfg = Debug|Any CPU
		{EF9B97DD-64A6-4507-8C00-B456760D4F92}.Debug|Any CPU.Build.0 = Debug|Any CPU
		{EF9B97DD-64A6-4507-8C00-B456760D4F92}.Release|Any CPU.ActiveCfg = Release|Any CPU
		{EF9B97DD-64A6-4507-8C00-B456760D4F92}.Release|Any CPU.Build.0 = Release|Any CPU
		{9DD2925B-1F14-4BAA-988D-E0D22DB98CCB}.Debug|Any CPU.ActiveCfg = Debug|Any CPU
		{9DD2925B-1F14-4BAA-988D-E0D22DB98CCB}.Debug|Any CPU.Build.0 = Debug|Any CPU
		{9DD2925B-1F14-4BAA-988D-E0D22DB98CCB}.Release|Any CPU.ActiveCfg = Release|Any CPU
		{9DD2925B-1F14-4BAA-988D-E0D22DB98CCB}.Release|Any CPU.Build.0 = Release|Any CPU
		{24723600-139D-4254-8CFE-B6708C2E343E}.Debug|Any CPU.ActiveCfg = Debug|Any CPU
		{24723600-139D-4254-8CFE-B6708C2E343E}.Debug|Any CPU.Build.0 = Debug|Any CPU
		{24723600-139D-4254-8CFE-B6708C2E343E}.Release|Any CPU.ActiveCfg = Release|Any CPU
		{24723600-139D-4254-8CFE-B6708C2E343E}.Release|Any CPU.Build.0 = Release|Any CPU
		{07C84C53-285E-4CEE-A181-4857F1943015}.Debug|Any CPU.ActiveCfg = Debug|Any CPU
		{07C84C53-285E-4CEE-A181-4857F1943015}.Debug|Any CPU.Build.0 = Debug|Any CPU
		{07C84C53-285E-4CEE-A181-4857F1943015}.Release|Any CPU.ActiveCfg = Release|Any CPU
		{07C84C53-285E-4CEE-A181-4857F1943015}.Release|Any CPU.Build.0 = Release|Any CPU
		{D38511BF-7F55-4D53-AE5E-12852219E8E8}.Debug|Any CPU.ActiveCfg = Debug|Any CPU
		{D38511BF-7F55-4D53-AE5E-12852219E8E8}.Debug|Any CPU.Build.0 = Debug|Any CPU
		{D38511BF-7F55-4D53-AE5E-12852219E8E8}.Release|Any CPU.ActiveCfg = Release|Any CPU
		{D38511BF-7F55-4D53-AE5E-12852219E8E8}.Release|Any CPU.Build.0 = Release|Any CPU
		{E56ED73C-4F72-4647-8EF8-43BAC7DE6E12}.Debug|Any CPU.ActiveCfg = Debug|Any CPU
		{E56ED73C-4F72-4647-8EF8-43BAC7DE6E12}.Debug|Any CPU.Build.0 = Debug|Any CPU
		{E56ED73C-4F72-4647-8EF8-43BAC7DE6E12}.Release|Any CPU.ActiveCfg = Release|Any CPU
		{E56ED73C-4F72-4647-8EF8-43BAC7DE6E12}.Release|Any CPU.Build.0 = Release|Any CPU
		{8178D26D-9356-4449-8A56-EB457B86051C}.Debug|Any CPU.ActiveCfg = Debug|Any CPU
		{8178D26D-9356-4449-8A56-EB457B86051C}.Debug|Any CPU.Build.0 = Debug|Any CPU
		{8178D26D-9356-4449-8A56-EB457B86051C}.Release|Any CPU.ActiveCfg = Release|Any CPU
		{8178D26D-9356-4449-8A56-EB457B86051C}.Release|Any CPU.Build.0 = Release|Any CPU
		{FB4E8981-837F-4C34-A604-0C05B34A921D}.Debug|Any CPU.ActiveCfg = Debug|Any CPU
		{FB4E8981-837F-4C34-A604-0C05B34A921D}.Debug|Any CPU.Build.0 = Debug|Any CPU
		{FB4E8981-837F-4C34-A604-0C05B34A921D}.Release|Any CPU.ActiveCfg = Release|Any CPU
		{FB4E8981-837F-4C34-A604-0C05B34A921D}.Release|Any CPU.Build.0 = Release|Any CPU
		{B5C1EC8E-A5EA-4797-A9CE-EA518A5BAA23}.Debug|Any CPU.ActiveCfg = Debug|Any CPU
		{B5C1EC8E-A5EA-4797-A9CE-EA518A5BAA23}.Debug|Any CPU.Build.0 = Debug|Any CPU
		{B5C1EC8E-A5EA-4797-A9CE-EA518A5BAA23}.Release|Any CPU.ActiveCfg = Release|Any CPU
		{B5C1EC8E-A5EA-4797-A9CE-EA518A5BAA23}.Release|Any CPU.Build.0 = Release|Any CPU
		{FFDB0479-EDD3-4360-AE7A-DA90CF1474BD}.Debug|Any CPU.ActiveCfg = Debug|Any CPU
		{FFDB0479-EDD3-4360-AE7A-DA90CF1474BD}.Debug|Any CPU.Build.0 = Debug|Any CPU
		{FFDB0479-EDD3-4360-AE7A-DA90CF1474BD}.Release|Any CPU.ActiveCfg = Release|Any CPU
		{FFDB0479-EDD3-4360-AE7A-DA90CF1474BD}.Release|Any CPU.Build.0 = Release|Any CPU
		{7784119D-0BEF-4AFD-A288-A81C2B8CC22C}.Debug|Any CPU.ActiveCfg = Debug|Any CPU
		{7784119D-0BEF-4AFD-A288-A81C2B8CC22C}.Debug|Any CPU.Build.0 = Debug|Any CPU
		{7784119D-0BEF-4AFD-A288-A81C2B8CC22C}.Release|Any CPU.ActiveCfg = Release|Any CPU
		{7784119D-0BEF-4AFD-A288-A81C2B8CC22C}.Release|Any CPU.Build.0 = Release|Any CPU
		{292DCB31-64B2-42C7-832B-CB170F318683}.Debug|Any CPU.ActiveCfg = Debug|Any CPU
		{292DCB31-64B2-42C7-832B-CB170F318683}.Debug|Any CPU.Build.0 = Debug|Any CPU
		{292DCB31-64B2-42C7-832B-CB170F318683}.Release|Any CPU.ActiveCfg = Release|Any CPU
		{292DCB31-64B2-42C7-832B-CB170F318683}.Release|Any CPU.Build.0 = Release|Any CPU
		{0B95E340-CB65-4AE9-BA54-9B7CD36F710B}.Debug|Any CPU.ActiveCfg = Debug|Any CPU
		{0B95E340-CB65-4AE9-BA54-9B7CD36F710B}.Debug|Any CPU.Build.0 = Debug|Any CPU
		{0B95E340-CB65-4AE9-BA54-9B7CD36F710B}.Release|Any CPU.ActiveCfg = Release|Any CPU
		{0B95E340-CB65-4AE9-BA54-9B7CD36F710B}.Release|Any CPU.Build.0 = Release|Any CPU
		{8239487F-A9CD-4A31-BD2A-7A94ACD99703}.Debug|Any CPU.ActiveCfg = Debug|Any CPU
		{8239487F-A9CD-4A31-BD2A-7A94ACD99703}.Debug|Any CPU.Build.0 = Debug|Any CPU
		{8239487F-A9CD-4A31-BD2A-7A94ACD99703}.Release|Any CPU.ActiveCfg = Release|Any CPU
		{8239487F-A9CD-4A31-BD2A-7A94ACD99703}.Release|Any CPU.Build.0 = Release|Any CPU
		{AA010640-F9A2-4E02-916E-79F6C93A4834}.Debug|Any CPU.ActiveCfg = Debug|Any CPU
		{AA010640-F9A2-4E02-916E-79F6C93A4834}.Debug|Any CPU.Build.0 = Debug|Any CPU
		{AA010640-F9A2-4E02-916E-79F6C93A4834}.Release|Any CPU.ActiveCfg = Release|Any CPU
		{AA010640-F9A2-4E02-916E-79F6C93A4834}.Release|Any CPU.Build.0 = Release|Any CPU
		{82F5898D-3E86-41AC-BA20-1894A4FADF52}.Debug|Any CPU.ActiveCfg = Debug|Any CPU
		{82F5898D-3E86-41AC-BA20-1894A4FADF52}.Debug|Any CPU.Build.0 = Debug|Any CPU
		{82F5898D-3E86-41AC-BA20-1894A4FADF52}.Release|Any CPU.ActiveCfg = Release|Any CPU
		{82F5898D-3E86-41AC-BA20-1894A4FADF52}.Release|Any CPU.Build.0 = Release|Any CPU
		{7474BA49-CAC0-4EB7-8714-9F2B512B5350}.Debug|Any CPU.ActiveCfg = Debug|Any CPU
		{7474BA49-CAC0-4EB7-8714-9F2B512B5350}.Debug|Any CPU.Build.0 = Debug|Any CPU
		{7474BA49-CAC0-4EB7-8714-9F2B512B5350}.Release|Any CPU.ActiveCfg = Release|Any CPU
		{7474BA49-CAC0-4EB7-8714-9F2B512B5350}.Release|Any CPU.Build.0 = Release|Any CPU
	EndGlobalSection
	GlobalSection(SolutionProperties) = preSolution
		HideSolutionNode = FALSE
	EndGlobalSection
	GlobalSection(ExtensibilityGlobals) = postSolution
		SolutionGuid = {BD2AF1BB-E823-40E8-8E94-B8AB30609DF9}
	EndGlobalSection
EndGlobal
