
Microsoft Visual Studio Solution File, Format Version 12.00
# Visual Studio Version 17
VisualStudioVersion = 17.2.32630.192
MinimumVisualStudioVersion = 10.0.40219.1
Project("{9A19103F-16F7-4668-BE54-9A1E7A4F7556}") = "R5T.R0012.Construction.Server", "R5T.R0012.Construction.Server\R5T.R0012.Construction.Server.csproj", "{357F255C-FB34-4ACB-A9A9-FABF74CF0270}"
EndProject
Project("{9A19103F-16F7-4668-BE54-9A1E7A4F7556}") = "R5T.R0012.Construction.Client", "R5T.R0012.Construction.Client\R5T.R0012.Construction.Client.csproj", "{2D15B152-F16A-412B-B495-52135EC774DA}"
EndProject
Project("{9A19103F-16F7-4668-BE54-9A1E7A4F7556}") = "R5T.R0012", "R5T.R0012\R5T.R0012.csproj", "{FB3CF1FE-EB46-4AB5-A8B5-4C6CE80DF444}"
EndProject
Global
	GlobalSection(SolutionConfigurationPlatforms) = preSolution
		Debug|Any CPU = Debug|Any CPU
		Release|Any CPU = Release|Any CPU
	EndGlobalSection
	GlobalSection(ProjectConfigurationPlatforms) = postSolution
		{357F255C-FB34-4ACB-A9A9-FABF74CF0270}.Debug|Any CPU.ActiveCfg = Debug|Any CPU
		{357F255C-FB34-4ACB-A9A9-FABF74CF0270}.Debug|Any CPU.Build.0 = Debug|Any CPU
		{357F255C-FB34-4ACB-A9A9-FABF74CF0270}.Release|Any CPU.ActiveCfg = Release|Any CPU
		{357F255C-FB34-4ACB-A9A9-FABF74CF0270}.Release|Any CPU.Build.0 = Release|Any CPU
		{2D15B152-F16A-412B-B495-52135EC774DA}.Debug|Any CPU.ActiveCfg = Debug|Any CPU
		{2D15B152-F16A-412B-B495-52135EC774DA}.Debug|Any CPU.Build.0 = Debug|Any CPU
		{2D15B152-F16A-412B-B495-52135EC774DA}.Release|Any CPU.ActiveCfg = Release|Any CPU
		{2D15B152-F16A-412B-B495-52135EC774DA}.Release|Any CPU.Build.0 = Release|Any CPU
		{FB3CF1FE-EB46-4AB5-A8B5-4C6CE80DF444}.Debug|Any CPU.ActiveCfg = Debug|Any CPU
		{FB3CF1FE-EB46-4AB5-A8B5-4C6CE80DF444}.Debug|Any CPU.Build.0 = Debug|Any CPU
		{FB3CF1FE-EB46-4AB5-A8B5-4C6CE80DF444}.Release|Any CPU.ActiveCfg = Release|Any CPU
		{FB3CF1FE-EB46-4AB5-A8B5-4C6CE80DF444}.Release|Any CPU.Build.0 = Release|Any CPU
	EndGlobalSection
	GlobalSection(SolutionProperties) = preSolution
		HideSolutionNode = FALSE
	EndGlobalSection
	GlobalSection(ExtensibilityGlobals) = postSolution
		SolutionGuid = {BD2AF1BB-E823-40E8-8E94-B8AB30609DF9}
	EndGlobalSection
EndGlobal
